
Microsoft Visual Studio Solution File, Format Version 12.00
# Visual Studio Version 16
VisualStudioVersion = 16.0.29806.167
MinimumVisualStudioVersion = 10.0.40219.1
Project("{FAE04EC0-301F-11D3-BF4B-00C04F79EFBC}") = "ToolExtractor", "ToolExtractor\ToolExtractor.csproj", "{C900204B-0972-4DED-A0D5-CE6972266257}"
EndProject
Global
	GlobalSection(SolutionConfigurationPlatforms) = preSolution
		Debug|Any CPU = Debug|Any CPU
		Release|Any CPU = Release|Any CPU
	EndGlobalSection
	GlobalSection(ProjectConfigurationPlatforms) = postSolution
		{C900204B-0972-4DED-A0D5-CE6972266257}.Debug|Any CPU.ActiveCfg = Debug|Any CPU
		{C900204B-0972-4DED-A0D5-CE6972266257}.Debug|Any CPU.Build.0 = Debug|Any CPU
		{C900204B-0972-4DED-A0D5-CE6972266257}.Release|Any CPU.ActiveCfg = Release|Any CPU
		{C900204B-0972-4DED-A0D5-CE6972266257}.Release|Any CPU.Build.0 = Release|Any CPU
	EndGlobalSection
	GlobalSection(SolutionProperties) = preSolution
		HideSolutionNode = FALSE
	EndGlobalSection
	GlobalSection(ExtensibilityGlobals) = postSolution
		SolutionGuid = {7F1A2396-BD67-41ED-8FE3-25CEB1A560E6}
	EndGlobalSection
EndGlobal
